
Microsoft Visual Studio Solution File, Format Version 12.00
# Visual Studio Version 17
VisualStudioVersion = 17.8.34316.72
MinimumVisualStudioVersion = 10.0.40219.1
Project("{9A19103F-16F7-4668-BE54-9A1E7A4F7556}") = "RegistrationPage", "RegistrationPage\RegistrationPage.csproj", "{7F8FB6FC-A23C-4E65-88FB-D77D94A47872}"
EndProject
Project("{9A19103F-16F7-4668-BE54-9A1E7A4F7556}") = "WebApp", "Client\WebApp.csproj", "{4B864BC6-911E-4295-925B-1AA0190057CD}"
EndProject
Global
	GlobalSection(SolutionConfigurationPlatforms) = preSolution
		Debug|Any CPU = Debug|Any CPU
		Release|Any CPU = Release|Any CPU
	EndGlobalSection
	GlobalSection(ProjectConfigurationPlatforms) = postSolution
		{7F8FB6FC-A23C-4E65-88FB-D77D94A47872}.Debug|Any CPU.ActiveCfg = Debug|Any CPU
		{7F8FB6FC-A23C-4E65-88FB-D77D94A47872}.Debug|Any CPU.Build.0 = Debug|Any CPU
		{7F8FB6FC-A23C-4E65-88FB-D77D94A47872}.Release|Any CPU.ActiveCfg = Release|Any CPU
		{7F8FB6FC-A23C-4E65-88FB-D77D94A47872}.Release|Any CPU.Build.0 = Release|Any CPU
		{4B864BC6-911E-4295-925B-1AA0190057CD}.Debug|Any CPU.ActiveCfg = Debug|Any CPU
		{4B864BC6-911E-4295-925B-1AA0190057CD}.Debug|Any CPU.Build.0 = Debug|Any CPU
		{4B864BC6-911E-4295-925B-1AA0190057CD}.Release|Any CPU.ActiveCfg = Release|Any CPU
		{4B864BC6-911E-4295-925B-1AA0190057CD}.Release|Any CPU.Build.0 = Release|Any CPU
	EndGlobalSection
	GlobalSection(SolutionProperties) = preSolution
		HideSolutionNode = FALSE
	EndGlobalSection
	GlobalSection(ExtensibilityGlobals) = postSolution
		SolutionGuid = {DFA39712-7B07-4918-990E-A9D77FF7E5E1}
	EndGlobalSection
EndGlobal
